{
  "name": "github-web-ide",
  "version": "2.0.11",
  "lockfileVersion": 2,
  "requires": true,
  "packages": {
    "": {
      "name": "github-web-ide",
      "version": "2.0.11",
      "dependencies": {
        "@primer/css": "^19.8.2"
      }
    },
    "node_modules/@primer/css": {
      "version": "19.8.2",
      "resolved": "https://registry.npmjs.org/@primer/css/-/css-19.8.2.tgz",
      "integrity": "sha512-Zjgk0asxDVj+QY8Ej3DLeJHEMzxlW4ejwmtUk3QzwUJG6R1FzCuGzrTuEN2hFugsvlPDVd1geeKfiskLEjkfOQ==",
      "dependencies": {
        "@primer/primitives": "^7.7.0"
      },
      "engines": {
        "node": "^12.20.0 || ^14.13.1 || >=16.0.0"
      }
    },
    "node_modules/@primer/primitives": {
      "version": "7.17.1",
      "resolved": "https://registry.npmjs.org/@primer/primitives/-/primitives-7.17.1.tgz",
      "integrity": "sha512-SiPzEb+up1nDpV2NGwNiY8m6sGnF3OUqRb0has5s6T40vq6Li/g3cYVgl+oolEa4DUoNygEPs09jwJt24f/3zg=="
    }
  },
  "dependencies": {
    "@primer/css": {
      "version": "19.8.2",
      "resolved": "https://registry.npmjs.org/@primer/css/-/css-19.8.2.tgz",
      "integrity": "sha512-Zjgk0asxDVj+QY8Ej3DLeJHEMzxlW4ejwmtUk3QzwUJG6R1FzCuGzrTuEN2hFugsvlPDVd1geeKfiskLEjkfOQ==",
      "requires": {
        "@primer/primitives": "^7.7.0"
      }
    },
    "@primer/primitives": {
      "version": "7.17.1",
      "resolved": "https://registry.npmjs.org/@primer/primitives/-/primitives-7.17.1.tgz",
      "integrity": "sha512-SiPzEb+up1nDpV2NGwNiY8m6sGnF3OUqRb0has5s6T40vq6Li/g3cYVgl+oolEa4DUoNygEPs09jwJt24f/3zg=="
    }
  }
}
